
Microsoft Visual Studio Solution File, Format Version 12.00
# Visual Studio Version 17
VisualStudioVersion = 17.6.33521.677
MinimumVisualStudioVersion = 10.0.40219.1
Project("{FAE04EC0-301F-11D3-BF4B-00C04F79EFBC}") = "MTG.CardGenerator", "MTG.CardGenerator\MTG.CardGenerator.csproj", "{79AF1DF9-FF29-4E81-8114-70DA06102E59}"
EndProject
Project("{FAE04EC0-301F-11D3-BF4B-00C04F79EFBC}") = "MTG.CardGenerator.Tests", "MTG.CardGenerator.Tests\MTG.CardGenerator.Tests.csproj", "{3025286B-4523-41A1-97B5-697036A912E0}"
EndProject
Global
	GlobalSection(SolutionConfigurationPlatforms) = preSolution
		Debug|Any CPU = Debug|Any CPU
		Release|Any CPU = Release|Any CPU
	EndGlobalSection
	GlobalSection(ProjectConfigurationPlatforms) = postSolution
		{79AF1DF9-FF29-4E81-8114-70DA06102E59}.Debug|Any CPU.ActiveCfg = Debug|Any CPU
		{79AF1DF9-FF29-4E81-8114-70DA06102E59}.Debug|Any CPU.Build.0 = Debug|Any CPU
		{79AF1DF9-FF29-4E81-8114-70DA06102E59}.Release|Any CPU.ActiveCfg = Release|Any CPU
		{79AF1DF9-FF29-4E81-8114-70DA06102E59}.Release|Any CPU.Build.0 = Release|Any CPU
		{3025286B-4523-41A1-97B5-697036A912E0}.Debug|Any CPU.ActiveCfg = Debug|Any CPU
		{3025286B-4523-41A1-97B5-697036A912E0}.Debug|Any CPU.Build.0 = Debug|Any CPU
		{3025286B-4523-41A1-97B5-697036A912E0}.Release|Any CPU.ActiveCfg = Release|Any CPU
		{3025286B-4523-41A1-97B5-697036A912E0}.Release|Any CPU.Build.0 = Release|Any CPU
	EndGlobalSection
	GlobalSection(SolutionProperties) = preSolution
		HideSolutionNode = FALSE
	EndGlobalSection
	GlobalSection(ExtensibilityGlobals) = postSolution
		SolutionGuid = {25DAAC6F-888C-4A65-906C-4F4383DA8EA7}
	EndGlobalSection
EndGlobal
